# This file is automatically @generated by Cargo.
# It is not intended for manual editing.
version = 3

[[package]]
name = "AlbanianVirus"
version = "0.1.0"
dependencies = [
 "winsafe",
]

[[package]]
name = "winsafe"
version = "0.0.25"
source = "registry+https://github.com/rust-lang/crates.io-index"
checksum = "488c5cd3500ddab6aa8790bff51619203b807619b106b21a9e694161d4de028f"
